
Microsoft Visual Studio Solution File, Format Version 12.00
# Visual Studio 15
Project("{FAE04EC0-301F-11D3-BF4B-00C04F79EFBC}") = "Assembly-CSharp", "Assembly-CSharp.csproj", "{8C1E2CB6-4295-B6A0-DF4B-149387BBAA8F}"
EndProject
Project("{FAE04EC0-301F-11D3-BF4B-00C04F79EFBC}") = "CommonScripts", "CommonScripts.csproj", "{05352A58-7862-641E-1639-EFC4D15B7250}"
EndProject
Project("{FAE04EC0-301F-11D3-BF4B-00C04F79EFBC}") = "SamplesScripts", "SamplesScripts.csproj", "{F5CD2F5C-09A6-CEC0-9C52-6AB8E60BAE58}"
EndProject
Project("{FAE04EC0-301F-11D3-BF4B-00C04F79EFBC}") = "CommonEditor", "CommonEditor.csproj", "{383350A0-AA31-270A-80F7-C5F0A0B04D5E}"
EndProject
Project("{FAE04EC0-301F-11D3-BF4B-00C04F79EFBC}") = "VuforiaVersionCheckerScripts", "VuforiaVersionCheckerScripts.csproj", "{522D2CD5-5ED3-F0E4-A893-0C2110BA69F5}"
EndProject
Project("{FAE04EC0-301F-11D3-BF4B-00C04F79EFBC}") = "EditorMigrationScripts", "EditorMigrationScripts.csproj", "{CA58B1EC-9633-0768-CA80-AC81018F7AC6}"
EndProject
Global
	GlobalSection(SolutionConfigurationPlatforms) = preSolution
		Debug|Any CPU = Debug|Any CPU
		Release|Any CPU = Release|Any CPU
	EndGlobalSection
	GlobalSection(ProjectConfigurationPlatforms) = postSolution
		{8C1E2CB6-4295-B6A0-DF4B-149387BBAA8F}.Debug|Any CPU.ActiveCfg = Debug|Any CPU
		{8C1E2CB6-4295-B6A0-DF4B-149387BBAA8F}.Debug|Any CPU.Build.0 = Debug|Any CPU
		{8C1E2CB6-4295-B6A0-DF4B-149387BBAA8F}.Release|Any CPU.ActiveCfg = Release|Any CPU
		{8C1E2CB6-4295-B6A0-DF4B-149387BBAA8F}.Release|Any CPU.Build.0 = Release|Any CPU
		{05352A58-7862-641E-1639-EFC4D15B7250}.Debug|Any CPU.ActiveCfg = Debug|Any CPU
		{05352A58-7862-641E-1639-EFC4D15B7250}.Debug|Any CPU.Build.0 = Debug|Any CPU
		{05352A58-7862-641E-1639-EFC4D15B7250}.Release|Any CPU.ActiveCfg = Release|Any CPU
		{05352A58-7862-641E-1639-EFC4D15B7250}.Release|Any CPU.Build.0 = Release|Any CPU
		{F5CD2F5C-09A6-CEC0-9C52-6AB8E60BAE58}.Debug|Any CPU.ActiveCfg = Debug|Any CPU
		{F5CD2F5C-09A6-CEC0-9C52-6AB8E60BAE58}.Debug|Any CPU.Build.0 = Debug|Any CPU
		{F5CD2F5C-09A6-CEC0-9C52-6AB8E60BAE58}.Release|Any CPU.ActiveCfg = Release|Any CPU
		{F5CD2F5C-09A6-CEC0-9C52-6AB8E60BAE58}.Release|Any CPU.Build.0 = Release|Any CPU
		{383350A0-AA31-270A-80F7-C5F0A0B04D5E}.Debug|Any CPU.ActiveCfg = Debug|Any CPU
		{383350A0-AA31-270A-80F7-C5F0A0B04D5E}.Debug|Any CPU.Build.0 = Debug|Any CPU
		{383350A0-AA31-270A-80F7-C5F0A0B04D5E}.Release|Any CPU.ActiveCfg = Release|Any CPU
		{383350A0-AA31-270A-80F7-C5F0A0B04D5E}.Release|Any CPU.Build.0 = Release|Any CPU
		{522D2CD5-5ED3-F0E4-A893-0C2110BA69F5}.Debug|Any CPU.ActiveCfg = Debug|Any CPU
		{522D2CD5-5ED3-F0E4-A893-0C2110BA69F5}.Debug|Any CPU.Build.0 = Debug|Any CPU
		{522D2CD5-5ED3-F0E4-A893-0C2110BA69F5}.Release|Any CPU.ActiveCfg = Release|Any CPU
		{522D2CD5-5ED3-F0E4-A893-0C2110BA69F5}.Release|Any CPU.Build.0 = Release|Any CPU
		{CA58B1EC-9633-0768-CA80-AC81018F7AC6}.Debug|Any CPU.ActiveCfg = Debug|Any CPU
		{CA58B1EC-9633-0768-CA80-AC81018F7AC6}.Debug|Any CPU.Build.0 = Debug|Any CPU
		{CA58B1EC-9633-0768-CA80-AC81018F7AC6}.Release|Any CPU.ActiveCfg = Release|Any CPU
		{CA58B1EC-9633-0768-CA80-AC81018F7AC6}.Release|Any CPU.Build.0 = Release|Any CPU
	EndGlobalSection
	GlobalSection(SolutionProperties) = preSolution
		HideSolutionNode = FALSE
	EndGlobalSection
EndGlobal
